// !$*UTF8*$!
{
	archiveVersion = 1;
	classes = {
	};
	objectVersion = 46;
	objects = {

/* Begin PBXBuildFile section */
		292F718D78CB72AB96CB5A13 /* Pods_cabBudget.framework in Frameworks */ = {isa = PBXBuildFile; fileRef = 6B8D55F797F8B3A6293E87A7 /* Pods_cabBudget.framework */; };
		551C482C1F9C65B000722465 /* Ride.swift in Sources */ = {isa = PBXBuildFile; fileRef = 551C482B1F9C65B000722465 /* Ride.swift */; };
		551C482D1F9C70BD00722465 /* Model.xcdatamodeld in Sources */ = {isa = PBXBuildFile; fileRef = 554C7C8B1F691434001D4BE1 /* Model.xcdatamodeld */; };
		551C482F1F9C788300722465 /* UserProfile.swift in Sources */ = {isa = PBXBuildFile; fileRef = 551C482E1F9C788300722465 /* UserProfile.swift */; };
		551C48311F9CA4F300722465 /* SaveViewController.swift in Sources */ = {isa = PBXBuildFile; fileRef = 551C48301F9CA4F300722465 /* SaveViewController.swift */; };
		5568A3AC1F7F2A6E00D8BC94 /* LyftAuthenticationServiceImpl.swift in Sources */ = {isa = PBXBuildFile; fileRef = 5568A3AB1F7F2A6E00D8BC94 /* LyftAuthenticationServiceImpl.swift */; };
		5583FE0D1F8972790083E409 /* Location.swift in Sources */ = {isa = PBXBuildFile; fileRef = 5583FE0C1F8972790083E409 /* Location.swift */; };
		5586638C1F6F518E00D36D82 /* HttpUtil.swift in Sources */ = {isa = PBXBuildFile; fileRef = 5586638B1F6F518E00D36D82 /* HttpUtil.swift */; };
		55A8EADE1F67C1890036B87F /* AppDelegate.swift in Sources */ = {isa = PBXBuildFile; fileRef = 55A8EADD1F67C1890036B87F /* AppDelegate.swift */; };
		55A8EAE01F67C1890036B87F /* ViewController.swift in Sources */ = {isa = PBXBuildFile; fileRef = 55A8EADF1F67C1890036B87F /* ViewController.swift */; };
		55A8EAE31F67C1890036B87F /* Main.storyboard in Resources */ = {isa = PBXBuildFile; fileRef = 55A8EAE11F67C1890036B87F /* Main.storyboard */; };
		55A8EAE51F67C1890036B87F /* Assets.xcassets in Resources */ = {isa = PBXBuildFile; fileRef = 55A8EAE41F67C1890036B87F /* Assets.xcassets */; };
		55A8EAE81F67C1890036B87F /* LaunchScreen.storyboard in Resources */ = {isa = PBXBuildFile; fileRef = 55A8EAE61F67C1890036B87F /* LaunchScreen.storyboard */; };
		55A8EAF31F67C1890036B87F /* cabBudgetTests.swift in Sources */ = {isa = PBXBuildFile; fileRef = 55A8EAF21F67C1890036B87F /* cabBudgetTests.swift */; };
		55A8EAFE1F67C1890036B87F /* cabBudgetUITests.swift in Sources */ = {isa = PBXBuildFile; fileRef = 55A8EAFD1F67C1890036B87F /* cabBudgetUITests.swift */; };
		55AFB6E71F909586008A1BD4 /* UserAuthContext.swift in Sources */ = {isa = PBXBuildFile; fileRef = 55AFB6E61F909586008A1BD4 /* UserAuthContext.swift */; };
		55E18E3E1F897AA400D84946 /* AppErrors.swift in Sources */ = {isa = PBXBuildFile; fileRef = 55E18E3D1F897AA400D84946 /* AppErrors.swift */; };
		55E216A81F95F33700DB0B14 /* OauthToken.swift in Sources */ = {isa = PBXBuildFile; fileRef = 55E216A71F95F33700DB0B14 /* OauthToken.swift */; };
		55E3AFA91F71190D00CC44BB /* HttpUtilTests.swift in Sources */ = {isa = PBXBuildFile; fileRef = 55E3AFA81F71190D00CC44BB /* HttpUtilTests.swift */; };
		55E3AFAB1F71268F00CC44BB /* LyftOAuthConfig.swift in Sources */ = {isa = PBXBuildFile; fileRef = 55E3AFAA1F71268F00CC44BB /* LyftOAuthConfig.swift */; };
		55E3DF7D1F722EC200AFDF14 /* HttpClientImpl.swift in Sources */ = {isa = PBXBuildFile; fileRef = 55E3DF7C1F722EC200AFDF14 /* HttpClientImpl.swift */; };
		55E3DF7F1F7384BE00AFDF14 /* LyftApi.swift in Sources */ = {isa = PBXBuildFile; fileRef = 55E3DF7E1F7384BE00AFDF14 /* LyftApi.swift */; };
		55E3DF811F7B55DD00AFDF14 /* LyftModels.swift in Sources */ = {isa = PBXBuildFile; fileRef = 55E3DF801F7B55DD00AFDF14 /* LyftModels.swift */; };
		55E3DF831F7B5BB800AFDF14 /* LyftModelsTests.swift in Sources */ = {isa = PBXBuildFile; fileRef = 55E3DF821F7B5BB800AFDF14 /* LyftModelsTests.swift */; };
		55E3DF851F7CDD9A00AFDF14 /* Keychain.swift in Sources */ = {isa = PBXBuildFile; fileRef = 55E3DF841F7CDD9A00AFDF14 /* Keychain.swift */; };
		55E3DF871F7CEE0E00AFDF14 /* KeychainTests.swift in Sources */ = {isa = PBXBuildFile; fileRef = 55E3DF861F7CEE0E00AFDF14 /* KeychainTests.swift */; };
		55E3DF891F7CF24200AFDF14 /* LyftKeychainKey.swift in Sources */ = {isa = PBXBuildFile; fileRef = 55E3DF881F7CF24200AFDF14 /* LyftKeychainKey.swift */; };
		55F0A3111F8038F5009F6ACF /* Util.swift in Sources */ = {isa = PBXBuildFile; fileRef = 55F0A3101F8038F5009F6ACF /* Util.swift */; };
		55F0A3131F803CBE009F6ACF /* UtilTest.swift in Sources */ = {isa = PBXBuildFile; fileRef = 55F0A3121F803CBE009F6ACF /* UtilTest.swift */; };
		55F0A3161F819265009F6ACF /* LyftAuthenticationServiceTest.swift in Sources */ = {isa = PBXBuildFile; fileRef = 55F0A3151F819265009F6ACF /* LyftAuthenticationServiceTest.swift */; };
/* End PBXBuildFile section */

/* Begin PBXContainerItemProxy section */
		55A8EAEF1F67C1890036B87F /* PBXContainerItemProxy */ = {
			isa = PBXContainerItemProxy;
			containerPortal = 55A8EAD21F67C1890036B87F /* Project object */;
			proxyType = 1;
			remoteGlobalIDString = 55A8EAD91F67C1890036B87F;
			remoteInfo = cabBudget;
		};
		55A8EAFA1F67C1890036B87F /* PBXContainerItemProxy */ = {
			isa = PBXContainerItemProxy;
			containerPortal = 55A8EAD21F67C1890036B87F /* Project object */;
			proxyType = 1;
			remoteGlobalIDString = 55A8EAD91F67C1890036B87F;
			remoteInfo = cabBudget;
		};
/* End PBXContainerItemProxy section */

/* Begin PBXFileReference section */
		551C482B1F9C65B000722465 /* Ride.swift */ = {isa = PBXFileReference; lastKnownFileType = sourcecode.swift; path = Ride.swift; sourceTree = "<group>"; };
		551C482E1F9C788300722465 /* UserProfile.swift */ = {isa = PBXFileReference; lastKnownFileType = sourcecode.swift; path = UserProfile.swift; sourceTree = "<group>"; };
		551C48301F9CA4F300722465 /* SaveViewController.swift */ = {isa = PBXFileReference; lastKnownFileType = sourcecode.swift; path = SaveViewController.swift; sourceTree = "<group>"; };
		554C7C8C1F691434001D4BE1 /* Model.xcdatamodel */ = {isa = PBXFileReference; lastKnownFileType = wrapper.xcdatamodel; path = Model.xcdatamodel; sourceTree = "<group>"; };
		5568A3AB1F7F2A6E00D8BC94 /* LyftAuthenticationServiceImpl.swift */ = {isa = PBXFileReference; lastKnownFileType = sourcecode.swift; path = LyftAuthenticationServiceImpl.swift; sourceTree = "<group>"; };
		5583FE0C1F8972790083E409 /* Location.swift */ = {isa = PBXFileReference; lastKnownFileType = sourcecode.swift; path = Location.swift; sourceTree = "<group>"; };
		5586638B1F6F518E00D36D82 /* HttpUtil.swift */ = {isa = PBXFileReference; fileEncoding = 4; lastKnownFileType = sourcecode.swift; path = HttpUtil.swift; sourceTree = "<group>"; };
		55A8EADA1F67C1890036B87F /* cabBudget.app */ = {isa = PBXFileReference; explicitFileType = wrapper.application; includeInIndex = 0; path = cabBudget.app; sourceTree = BUILT_PRODUCTS_DIR; };
		55A8EADD1F67C1890036B87F /* AppDelegate.swift */ = {isa = PBXFileReference; lastKnownFileType = sourcecode.swift; path = AppDelegate.swift; sourceTree = "<group>"; };
		55A8EADF1F67C1890036B87F /* ViewController.swift */ = {isa = PBXFileReference; lastKnownFileType = sourcecode.swift; path = ViewController.swift; sourceTree = "<group>"; };
		55A8EAE21F67C1890036B87F /* Base */ = {isa = PBXFileReference; lastKnownFileType = file.storyboard; name = Base; path = Base.lproj/Main.storyboard; sourceTree = "<group>"; };
		55A8EAE41F67C1890036B87F /* Assets.xcassets */ = {isa = PBXFileReference; lastKnownFileType = folder.assetcatalog; path = Assets.xcassets; sourceTree = "<group>"; };
		55A8EAE71F67C1890036B87F /* Base */ = {isa = PBXFileReference; lastKnownFileType = file.storyboard; name = Base; path = Base.lproj/LaunchScreen.storyboard; sourceTree = "<group>"; };
		55A8EAE91F67C1890036B87F /* Info.plist */ = {isa = PBXFileReference; lastKnownFileType = text.plist.xml; path = Info.plist; sourceTree = "<group>"; };
		55A8EAEE1F67C1890036B87F /* cabBudgetTests.xctest */ = {isa = PBXFileReference; explicitFileType = wrapper.cfbundle; includeInIndex = 0; path = cabBudgetTests.xctest; sourceTree = BUILT_PRODUCTS_DIR; };
		55A8EAF21F67C1890036B87F /* cabBudgetTests.swift */ = {isa = PBXFileReference; lastKnownFileType = sourcecode.swift; path = cabBudgetTests.swift; sourceTree = "<group>"; };
		55A8EAF41F67C1890036B87F /* Info.plist */ = {isa = PBXFileReference; lastKnownFileType = text.plist.xml; path = Info.plist; sourceTree = "<group>"; };
		55A8EAF91F67C1890036B87F /* cabBudgetUITests.xctest */ = {isa = PBXFileReference; explicitFileType = wrapper.cfbundle; includeInIndex = 0; path = cabBudgetUITests.xctest; sourceTree = BUILT_PRODUCTS_DIR; };
		55A8EAFD1F67C1890036B87F /* cabBudgetUITests.swift */ = {isa = PBXFileReference; lastKnownFileType = sourcecode.swift; path = cabBudgetUITests.swift; sourceTree = "<group>"; };
		55A8EAFF1F67C1890036B87F /* Info.plist */ = {isa = PBXFileReference; lastKnownFileType = text.plist.xml; path = Info.plist; sourceTree = "<group>"; };
		55AFB6E61F909586008A1BD4 /* UserAuthContext.swift */ = {isa = PBXFileReference; lastKnownFileType = sourcecode.swift; path = UserAuthContext.swift; sourceTree = "<group>"; };
		55E18E3D1F897AA400D84946 /* AppErrors.swift */ = {isa = PBXFileReference; lastKnownFileType = sourcecode.swift; path = AppErrors.swift; sourceTree = "<group>"; };
		55E216A71F95F33700DB0B14 /* OauthToken.swift */ = {isa = PBXFileReference; lastKnownFileType = sourcecode.swift; path = OauthToken.swift; sourceTree = "<group>"; };
		55E3AFA81F71190D00CC44BB /* HttpUtilTests.swift */ = {isa = PBXFileReference; fileEncoding = 4; lastKnownFileType = sourcecode.swift; path = HttpUtilTests.swift; sourceTree = "<group>"; };
		55E3AFAA1F71268F00CC44BB /* LyftOAuthConfig.swift */ = {isa = PBXFileReference; fileEncoding = 4; lastKnownFileType = sourcecode.swift; path = LyftOAuthConfig.swift; sourceTree = "<group>"; };
		55E3DF7C1F722EC200AFDF14 /* HttpClientImpl.swift */ = {isa = PBXFileReference; fileEncoding = 4; lastKnownFileType = sourcecode.swift; path = HttpClientImpl.swift; sourceTree = "<group>"; };
		55E3DF7E1F7384BE00AFDF14 /* LyftApi.swift */ = {isa = PBXFileReference; fileEncoding = 4; lastKnownFileType = sourcecode.swift; path = LyftApi.swift; sourceTree = "<group>"; };
		55E3DF801F7B55DD00AFDF14 /* LyftModels.swift */ = {isa = PBXFileReference; fileEncoding = 4; lastKnownFileType = sourcecode.swift; path = LyftModels.swift; sourceTree = "<group>"; };
		55E3DF821F7B5BB800AFDF14 /* LyftModelsTests.swift */ = {isa = PBXFileReference; fileEncoding = 4; lastKnownFileType = sourcecode.swift; path = LyftModelsTests.swift; sourceTree = "<group>"; };
		55E3DF841F7CDD9A00AFDF14 /* Keychain.swift */ = {isa = PBXFileReference; fileEncoding = 4; lastKnownFileType = sourcecode.swift; path = Keychain.swift; sourceTree = "<group>"; };
		55E3DF861F7CEE0E00AFDF14 /* KeychainTests.swift */ = {isa = PBXFileReference; fileEncoding = 4; lastKnownFileType = sourcecode.swift; path = KeychainTests.swift; sourceTree = "<group>"; };
		55E3DF881F7CF24200AFDF14 /* LyftKeychainKey.swift */ = {isa = PBXFileReference; fileEncoding = 4; lastKnownFileType = sourcecode.swift; path = LyftKeychainKey.swift; sourceTree = "<group>"; };
		55F0A3101F8038F5009F6ACF /* Util.swift */ = {isa = PBXFileReference; lastKnownFileType = sourcecode.swift; path = Util.swift; sourceTree = "<group>"; };
		55F0A3121F803CBE009F6ACF /* UtilTest.swift */ = {isa = PBXFileReference; lastKnownFileType = sourcecode.swift; path = UtilTest.swift; sourceTree = "<group>"; };
		55F0A3141F806163009F6ACF /* cabBudget.entitlements */ = {isa = PBXFileReference; lastKnownFileType = text.plist.entitlements; path = cabBudget.entitlements; sourceTree = "<group>"; };
		55F0A3151F819265009F6ACF /* LyftAuthenticationServiceTest.swift */ = {isa = PBXFileReference; lastKnownFileType = sourcecode.swift; path = LyftAuthenticationServiceTest.swift; sourceTree = "<group>"; };
		6B8D55F797F8B3A6293E87A7 /* Pods_cabBudget.framework */ = {isa = PBXFileReference; explicitFileType = wrapper.framework; includeInIndex = 0; path = Pods_cabBudget.framework; sourceTree = BUILT_PRODUCTS_DIR; };
		C09487137EF7DE8041D43B13 /* Pods-cabBudget.debug.xcconfig */ = {isa = PBXFileReference; includeInIndex = 1; lastKnownFileType = text.xcconfig; name = "Pods-cabBudget.debug.xcconfig"; path = "Pods/Target Support Files/Pods-cabBudget/Pods-cabBudget.debug.xcconfig"; sourceTree = "<group>"; };
		F959468D0174EC0643EE7649 /* Pods-cabBudget.release.xcconfig */ = {isa = PBXFileReference; includeInIndex = 1; lastKnownFileType = text.xcconfig; name = "Pods-cabBudget.release.xcconfig"; path = "Pods/Target Support Files/Pods-cabBudget/Pods-cabBudget.release.xcconfig"; sourceTree = "<group>"; };
/* End PBXFileReference section */

/* Begin PBXFrameworksBuildPhase section */
		55A8EAD71F67C1890036B87F /* Frameworks */ = {
			isa = PBXFrameworksBuildPhase;
			buildActionMask = 2147483647;
			files = (
				292F718D78CB72AB96CB5A13 /* Pods_cabBudget.framework in Frameworks */,
			);
			runOnlyForDeploymentPostprocessing = 0;
		};
		55A8EAEB1F67C1890036B87F /* Frameworks */ = {
			isa = PBXFrameworksBuildPhase;
			buildActionMask = 2147483647;
			files = (
			);
			runOnlyForDeploymentPostprocessing = 0;
		};
		55A8EAF61F67C1890036B87F /* Frameworks */ = {
			isa = PBXFrameworksBuildPhase;
			buildActionMask = 2147483647;
			files = (
			);
			runOnlyForDeploymentPostprocessing = 0;
		};
/* End PBXFrameworksBuildPhase section */

/* Begin PBXGroup section */
		4B49FA8B1CCCC63F77AF5548 /* Frameworks */ = {
			isa = PBXGroup;
			children = (
				6B8D55F797F8B3A6293E87A7 /* Pods_cabBudget.framework */,
			);
			name = Frameworks;
			sourceTree = "<group>";
		};
		556AE97A1F906F3700BA02C9 /* lyftApi */ = {
			isa = PBXGroup;
			children = (
				55E3AFAA1F71268F00CC44BB /* LyftOAuthConfig.swift */,
				55E3DF7E1F7384BE00AFDF14 /* LyftApi.swift */,
				5568A3AB1F7F2A6E00D8BC94 /* LyftAuthenticationServiceImpl.swift */,
				55E3DF881F7CF24200AFDF14 /* LyftKeychainKey.swift */,
				55E3DF801F7B55DD00AFDF14 /* LyftModels.swift */,
			);
			path = lyftApi;
			sourceTree = "<group>";
		};
		556AE97B1F906F8000BA02C9 /* common */ = {
			isa = PBXGroup;
			children = (
				55AFB6E61F909586008A1BD4 /* UserAuthContext.swift */,
				55E3DF841F7CDD9A00AFDF14 /* Keychain.swift */,
				5586638B1F6F518E00D36D82 /* HttpUtil.swift */,
				55E3DF7C1F722EC200AFDF14 /* HttpClientImpl.swift */,
				55F0A3101F8038F5009F6ACF /* Util.swift */,
				5583FE0C1F8972790083E409 /* Location.swift */,
				55E216A71F95F33700DB0B14 /* OauthToken.swift */,
				551C482B1F9C65B000722465 /* Ride.swift */,
				551C482E1F9C788300722465 /* UserProfile.swift */,
			);
			path = common;
			sourceTree = "<group>";
		};
		55A8EAD11F67C1890036B87F = {
			isa = PBXGroup;
			children = (
				55A8EADC1F67C1890036B87F /* cabBudget */,
				55A8EAF11F67C1890036B87F /* cabBudgetTests */,
				55A8EAFC1F67C1890036B87F /* cabBudgetUITests */,
				55A8EADB1F67C1890036B87F /* Products */,
				A7B96A447E22C463B7930A67 /* Pods */,
				4B49FA8B1CCCC63F77AF5548 /* Frameworks */,
			);
			sourceTree = "<group>";
		};
		55A8EADB1F67C1890036B87F /* Products */ = {
			isa = PBXGroup;
			children = (
				55A8EADA1F67C1890036B87F /* cabBudget.app */,
				55A8EAEE1F67C1890036B87F /* cabBudgetTests.xctest */,
				55A8EAF91F67C1890036B87F /* cabBudgetUITests.xctest */,
			);
			name = Products;
			sourceTree = "<group>";
		};
		55A8EADC1F67C1890036B87F /* cabBudget */ = {
			isa = PBXGroup;
			children = (
				554C7C8B1F691434001D4BE1 /* Model.xcdatamodeld */,
				55F0A3141F806163009F6ACF /* cabBudget.entitlements */,
				556AE97A1F906F3700BA02C9 /* lyftApi */,
				556AE97B1F906F8000BA02C9 /* common */,
				55A8EADD1F67C1890036B87F /* AppDelegate.swift */,
				55A8EADF1F67C1890036B87F /* ViewController.swift */,
				55A8EAE11F67C1890036B87F /* Main.storyboard */,
				55A8EAE41F67C1890036B87F /* Assets.xcassets */,
				55A8EAE61F67C1890036B87F /* LaunchScreen.storyboard */,
				55A8EAE91F67C1890036B87F /* Info.plist */,
				55E18E3D1F897AA400D84946 /* AppErrors.swift */,
				551C48301F9CA4F300722465 /* SaveViewController.swift */,
			);
			path = cabBudget;
			sourceTree = "<group>";
		};
		55A8EAF11F67C1890036B87F /* cabBudgetTests */ = {
			isa = PBXGroup;
			children = (
				55A8EAF21F67C1890036B87F /* cabBudgetTests.swift */,
				55A8EAF41F67C1890036B87F /* Info.plist */,
				55E3AFA81F71190D00CC44BB /* HttpUtilTests.swift */,
				55E3DF821F7B5BB800AFDF14 /* LyftModelsTests.swift */,
				55E3DF861F7CEE0E00AFDF14 /* KeychainTests.swift */,
				55F0A3121F803CBE009F6ACF /* UtilTest.swift */,
				55F0A3151F819265009F6ACF /* LyftAuthenticationServiceTest.swift */,
			);
			path = cabBudgetTests;
			sourceTree = "<group>";
		};
		55A8EAFC1F67C1890036B87F /* cabBudgetUITests */ = {
			isa = PBXGroup;
			children = (
				55A8EAFD1F67C1890036B87F /* cabBudgetUITests.swift */,
				55A8EAFF1F67C1890036B87F /* Info.plist */,
			);
			path = cabBudgetUITests;
			sourceTree = "<group>";
		};
		A7B96A447E22C463B7930A67 /* Pods */ = {
			isa = PBXGroup;
			children = (
				C09487137EF7DE8041D43B13 /* Pods-cabBudget.debug.xcconfig */,
				F959468D0174EC0643EE7649 /* Pods-cabBudget.release.xcconfig */,
			);
			name = Pods;
			sourceTree = "<group>";
		};
/* End PBXGroup section */

/* Begin PBXNativeTarget section */
		55A8EAD91F67C1890036B87F /* cabBudget */ = {
			isa = PBXNativeTarget;
			buildConfigurationList = 55A8EB021F67C1890036B87F /* Build configuration list for PBXNativeTarget "cabBudget" */;
			buildPhases = (
				57E5BCABF1692B3170CD31AA /* [CP] Check Pods Manifest.lock */,
				55A8EAD61F67C1890036B87F /* Sources */,
				55A8EAD71F67C1890036B87F /* Frameworks */,
				55A8EAD81F67C1890036B87F /* Resources */,
				B253B33B22ACBCB9BC047ABA /* [CP] Embed Pods Frameworks */,
				4BE852D1B3E6E09607E9071C /* [CP] Copy Pods Resources */,
			);
			buildRules = (
			);
			dependencies = (
			);
			name = cabBudget;
			productName = cabBudget;
			productReference = 55A8EADA1F67C1890036B87F /* cabBudget.app */;
			productType = "com.apple.product-type.application";
		};
		55A8EAED1F67C1890036B87F /* cabBudgetTests */ = {
			isa = PBXNativeTarget;
			buildConfigurationList = 55A8EB051F67C1890036B87F /* Build configuration list for PBXNativeTarget "cabBudgetTests" */;
			buildPhases = (
				55A8EAEA1F67C1890036B87F /* Sources */,
				55A8EAEB1F67C1890036B87F /* Frameworks */,
				55A8EAEC1F67C1890036B87F /* Resources */,
			);
			buildRules = (
			);
			dependencies = (
				55A8EAF01F67C1890036B87F /* PBXTargetDependency */,
			);
			name = cabBudgetTests;
			productName = cabBudgetTests;
			productReference = 55A8EAEE1F67C1890036B87F /* cabBudgetTests.xctest */;
			productType = "com.apple.product-type.bundle.unit-test";
		};
		55A8EAF81F67C1890036B87F /* cabBudgetUITests */ = {
			isa = PBXNativeTarget;
			buildConfigurationList = 55A8EB081F67C1890036B87F /* Build configuration list for PBXNativeTarget "cabBudgetUITests" */;
			buildPhases = (
				55A8EAF51F67C1890036B87F /* Sources */,
				55A8EAF61F67C1890036B87F /* Frameworks */,
				55A8EAF71F67C1890036B87F /* Resources */,
			);
			buildRules = (
			);
			dependencies = (
				55A8EAFB1F67C1890036B87F /* PBXTargetDependency */,
			);
			name = cabBudgetUITests;
			productName = cabBudgetUITests;
			productReference = 55A8EAF91F67C1890036B87F /* cabBudgetUITests.xctest */;
			productType = "com.apple.product-type.bundle.ui-testing";
		};
/* End PBXNativeTarget section */

/* Begin PBXProject section */
		55A8EAD21F67C1890036B87F /* Project object */ = {
			isa = PBXProject;
			attributes = {
				LastSwiftUpdateCheck = 0830;
				LastUpgradeCheck = 0900;
				ORGANIZATIONNAME = "Varun Ajmera";
				TargetAttributes = {
					55A8EAD91F67C1890036B87F = {
						CreatedOnToolsVersion = 8.3.3;
						DevelopmentTeam = UEMEQ8LN56;
						LastSwiftMigration = 0900;
						ProvisioningStyle = Automatic;
						SystemCapabilities = {
							com.apple.Keychain = {
								enabled = 1;
							};
						};
					};
					55A8EAED1F67C1890036B87F = {
						CreatedOnToolsVersion = 8.3.3;
						DevelopmentTeam = UEMEQ8LN56;
						LastSwiftMigration = 0900;
						ProvisioningStyle = Automatic;
						TestTargetID = 55A8EAD91F67C1890036B87F;
					};
					55A8EAF81F67C1890036B87F = {
						CreatedOnToolsVersion = 8.3.3;
						DevelopmentTeam = UEMEQ8LN56;
						LastSwiftMigration = 0900;
						ProvisioningStyle = Automatic;
						TestTargetID = 55A8EAD91F67C1890036B87F;
					};
				};
			};
			buildConfigurationList = 55A8EAD51F67C1890036B87F /* Build configuration list for PBXProject "cabBudget" */;
			compatibilityVersion = "Xcode 3.2";
			developmentRegion = English;
			hasScannedForEncodings = 0;
			knownRegions = (
				en,
				Base,
			);
			mainGroup = 55A8EAD11F67C1890036B87F;
			productRefGroup = 55A8EADB1F67C1890036B87F /* Products */;
			projectDirPath = "";
			projectRoot = "";
			targets = (
				55A8EAD91F67C1890036B87F /* cabBudget */,
				55A8EAED1F67C1890036B87F /* cabBudgetTests */,
				55A8EAF81F67C1890036B87F /* cabBudgetUITests */,
			);
		};
/* End PBXProject section */

/* Begin PBXResourcesBuildPhase section */
		55A8EAD81F67C1890036B87F /* Resources */ = {
			isa = PBXResourcesBuildPhase;
			buildActionMask = 2147483647;
			files = (
				55A8EAE81F67C1890036B87F /* LaunchScreen.storyboard in Resources */,
				55A8EAE51F67C1890036B87F /* Assets.xcassets in Resources */,
				55A8EAE31F67C1890036B87F /* Main.storyboard in Resources */,
			);
			runOnlyForDeploymentPostprocessing = 0;
		};
		55A8EAEC1F67C1890036B87F /* Resources */ = {
			isa = PBXResourcesBuildPhase;
			buildActionMask = 2147483647;
			files = (
			);
			runOnlyForDeploymentPostprocessing = 0;
		};
		55A8EAF71F67C1890036B87F /* Resources */ = {
			isa = PBXResourcesBuildPhase;
			buildActionMask = 2147483647;
			files = (
			);
			runOnlyForDeploymentPostprocessing = 0;
		};
/* End PBXResourcesBuildPhase section */

/* Begin PBXShellScriptBuildPhase section */
		4BE852D1B3E6E09607E9071C /* [CP] Copy Pods Resources */ = {
			isa = PBXShellScriptBuildPhase;
			buildActionMask = 2147483647;
			files = (
			);
			inputPaths = (
			);
			name = "[CP] Copy Pods Resources";
			outputPaths = (
			);
			runOnlyForDeploymentPostprocessing = 0;
			shellPath = /bin/sh;
			shellScript = "\"${SRCROOT}/Pods/Target Support Files/Pods-cabBudget/Pods-cabBudget-resources.sh\"\n";
			showEnvVarsInLog = 0;
		};
		57E5BCABF1692B3170CD31AA /* [CP] Check Pods Manifest.lock */ = {
			isa = PBXShellScriptBuildPhase;
			buildActionMask = 2147483647;
			files = (
			);
			inputPaths = (
				"${PODS_PODFILE_DIR_PATH}/Podfile.lock",
				"${PODS_ROOT}/Manifest.lock",
			);
			name = "[CP] Check Pods Manifest.lock";
			outputPaths = (
				"$(DERIVED_FILE_DIR)/Pods-cabBudget-checkManifestLockResult.txt",
			);
			runOnlyForDeploymentPostprocessing = 0;
			shellPath = /bin/sh;
			shellScript = "diff \"${PODS_PODFILE_DIR_PATH}/Podfile.lock\" \"${PODS_ROOT}/Manifest.lock\" > /dev/null\nif [ $? != 0 ] ; then\n    # print error to STDERR\n    echo \"error: The sandbox is not in sync with the Podfile.lock. Run 'pod install' or update your CocoaPods installation.\" >&2\n    exit 1\nfi\n# This output is used by Xcode 'outputs' to avoid re-running this script phase.\necho \"SUCCESS\" > \"${SCRIPT_OUTPUT_FILE_0}\"\n";
			showEnvVarsInLog = 0;
		};
		B253B33B22ACBCB9BC047ABA /* [CP] Embed Pods Frameworks */ = {
			isa = PBXShellScriptBuildPhase;
			buildActionMask = 2147483647;
			files = (
			);
			inputPaths = (
				"${SRCROOT}/Pods/Target Support Files/Pods-cabBudget/Pods-cabBudget-frameworks.sh",
				"${BUILT_PRODUCTS_DIR}/LyftSDK/LyftSDK.framework",
			);
			name = "[CP] Embed Pods Frameworks";
			outputPaths = (
				"${TARGET_BUILD_DIR}/${FRAMEWORKS_FOLDER_PATH}/LyftSDK.framework",
			);
			runOnlyForDeploymentPostprocessing = 0;
			shellPath = /bin/sh;
			shellScript = "\"${SRCROOT}/Pods/Target Support Files/Pods-cabBudget/Pods-cabBudget-frameworks.sh\"\n";
			showEnvVarsInLog = 0;
		};
/* End PBXShellScriptBuildPhase section */

/* Begin PBXSourcesBuildPhase section */
		55A8EAD61F67C1890036B87F /* Sources */ = {
			isa = PBXSourcesBuildPhase;
			buildActionMask = 2147483647;
			files = (
				5568A3AC1F7F2A6E00D8BC94 /* LyftAuthenticationServiceImpl.swift in Sources */,
				551C48311F9CA4F300722465 /* SaveViewController.swift in Sources */,
				55A8EAE01F67C1890036B87F /* ViewController.swift in Sources */,
				551C482C1F9C65B000722465 /* Ride.swift in Sources */,
				55AFB6E71F909586008A1BD4 /* UserAuthContext.swift in Sources */,
				55E3DF7F1F7384BE00AFDF14 /* LyftApi.swift in Sources */,
				55A8EADE1F67C1890036B87F /* AppDelegate.swift in Sources */,
				55E216A81F95F33700DB0B14 /* OauthToken.swift in Sources */,
				5586638C1F6F518E00D36D82 /* HttpUtil.swift in Sources */,
				551C482D1F9C70BD00722465 /* Model.xcdatamodeld in Sources */,
				55E3DF851F7CDD9A00AFDF14 /* Keychain.swift in Sources */,
				55F0A3111F8038F5009F6ACF /* Util.swift in Sources */,
				55E3DF891F7CF24200AFDF14 /* LyftKeychainKey.swift in Sources */,
				55E3DF7D1F722EC200AFDF14 /* HttpClientImpl.swift in Sources */,
				5583FE0D1F8972790083E409 /* Location.swift in Sources */,
				551C482F1F9C788300722465 /* UserProfile.swift in Sources */,
				55E3DF811F7B55DD00AFDF14 /* LyftModels.swift in Sources */,
				55E18E3E1F897AA400D84946 /* AppErrors.swift in Sources */,
				55E3AFAB1F71268F00CC44BB /* LyftOAuthConfig.swift in Sources */,
			);
			runOnlyForDeploymentPostprocessing = 0;
		};
		55A8EAEA1F67C1890036B87F /* Sources */ = {
			isa = PBXSourcesBuildPhase;
			buildActionMask = 2147483647;
			files = (
				55A8EAF31F67C1890036B87F /* cabBudgetTests.swift in Sources */,
				55F0A3131F803CBE009F6ACF /* UtilTest.swift in Sources */,
				55F0A3161F819265009F6ACF /* LyftAuthenticationServiceTest.swift in Sources */,
				55E3DF871F7CEE0E00AFDF14 /* KeychainTests.swift in Sources */,
				55E3AFA91F71190D00CC44BB /* HttpUtilTests.swift in Sources */,
				55E3DF831F7B5BB800AFDF14 /* LyftModelsTests.swift in Sources */,
			);
			runOnlyForDeploymentPostprocessing = 0;
		};
		55A8EAF51F67C1890036B87F /* Sources */ = {
			isa = PBXSourcesBuildPhase;
			buildActionMask = 2147483647;
			files = (
				55A8EAFE1F67C1890036B87F /* cabBudgetUITests.swift in Sources */,
			);
			runOnlyForDeploymentPostprocessing = 0;
		};
/* End PBXSourcesBuildPhase section */

/* Begin PBXTargetDependency section */
		55A8EAF01F67C1890036B87F /* PBXTargetDependency */ = {
			isa = PBXTargetDependency;
			target = 55A8EAD91F67C1890036B87F /* cabBudget */;
			targetProxy = 55A8EAEF1F67C1890036B87F /* PBXContainerItemProxy */;
		};
		55A8EAFB1F67C1890036B87F /* PBXTargetDependency */ = {
			isa = PBXTargetDependency;
			target = 55A8EAD91F67C1890036B87F /* cabBudget */;
			targetProxy = 55A8EAFA1F67C1890036B87F /* PBXContainerItemProxy */;
		};
/* End PBXTargetDependency section */

/* Begin PBXVariantGroup section */
		55A8EAE11F67C1890036B87F /* Main.storyboard */ = {
			isa = PBXVariantGroup;
			children = (
				55A8EAE21F67C1890036B87F /* Base */,
			);
			name = Main.storyboard;
			sourceTree = "<group>";
		};
		55A8EAE61F67C1890036B87F /* LaunchScreen.storyboard */ = {
			isa = PBXVariantGroup;
			children = (
				55A8EAE71F67C1890036B87F /* Base */,
			);
			name = LaunchScreen.storyboard;
			sourceTree = "<group>";
		};
/* End PBXVariantGroup section */

/* Begin XCBuildConfiguration section */
		55A8EB001F67C1890036B87F /* Debug */ = {
			isa = XCBuildConfiguration;
			buildSettings = {
				ALWAYS_SEARCH_USER_PATHS = NO;
				CLANG_ANALYZER_NONNULL = YES;
				CLANG_ANALYZER_NUMBER_OBJECT_CONVERSION = YES_AGGRESSIVE;
				CLANG_CXX_LANGUAGE_STANDARD = "gnu++0x";
				CLANG_CXX_LIBRARY = "libc++";
				CLANG_ENABLE_MODULES = YES;
				CLANG_ENABLE_OBJC_ARC = YES;
				CLANG_WARN_BLOCK_CAPTURE_AUTORELEASING = YES;
				CLANG_WARN_BOOL_CONVERSION = YES;
				CLANG_WARN_COMMA = YES;
				CLANG_WARN_CONSTANT_CONVERSION = YES;
				CLANG_WARN_DIRECT_OBJC_ISA_USAGE = YES_ERROR;
				CLANG_WARN_DOCUMENTATION_COMMENTS = YES;
				CLANG_WARN_EMPTY_BODY = YES;
				CLANG_WARN_ENUM_CONVERSION = YES;
				CLANG_WARN_INFINITE_RECURSION = YES;
				CLANG_WARN_INT_CONVERSION = YES;
				CLANG_WARN_NON_LITERAL_NULL_CONVERSION = YES;
				CLANG_WARN_OBJC_LITERAL_CONVERSION = YES;
				CLANG_WARN_OBJC_ROOT_CLASS = YES_ERROR;
				CLANG_WARN_RANGE_LOOP_ANALYSIS = YES;
				CLANG_WARN_STRICT_PROTOTYPES = YES;
				CLANG_WARN_SUSPICIOUS_MOVE = YES;
				CLANG_WARN_UNREACHABLE_CODE = YES;
				CLANG_WARN__DUPLICATE_METHOD_MATCH = YES;
				"CODE_SIGN_IDENTITY[sdk=iphoneos*]" = "iPhone Developer";
				COPY_PHASE_STRIP = NO;
				DEBUG_INFORMATION_FORMAT = dwarf;
				ENABLE_STRICT_OBJC_MSGSEND = YES;
				ENABLE_TESTABILITY = YES;
				GCC_C_LANGUAGE_STANDARD = gnu99;
				GCC_DYNAMIC_NO_PIC = NO;
				GCC_NO_COMMON_BLOCKS = YES;
				GCC_OPTIMIZATION_LEVEL = 0;
				GCC_PREPROCESSOR_DEFINITIONS = (
					"DEBUG=1",
					"$(inherited)",
				);
				GCC_WARN_64_TO_32_BIT_CONVERSION = YES;
				GCC_WARN_ABOUT_RETURN_TYPE = YES_ERROR;
				GCC_WARN_UNDECLARED_SELECTOR = YES;
				GCC_WARN_UNINITIALIZED_AUTOS = YES_AGGRESSIVE;
				GCC_WARN_UNUSED_FUNCTION = YES;
				GCC_WARN_UNUSED_VARIABLE = YES;
				IPHONEOS_DEPLOYMENT_TARGET = 10.3;
				MTL_ENABLE_DEBUG_INFO = YES;
				ONLY_ACTIVE_ARCH = YES;
				SDKROOT = iphoneos;
				SWIFT_ACTIVE_COMPILATION_CONDITIONS = DEBUG;
				SWIFT_OPTIMIZATION_LEVEL = "-Onone";
				TARGETED_DEVICE_FAMILY = "1,2";
			};
			name = Debug;
		};
		55A8EB011F67C1890036B87F /* Release */ = {
			isa = XCBuildConfiguration;
			buildSettings = {
				ALWAYS_SEARCH_USER_PATHS = NO;
				CLANG_ANALYZER_NONNULL = YES;
				CLANG_ANALYZER_NUMBER_OBJECT_CONVERSION = YES_AGGRESSIVE;
				CLANG_CXX_LANGUAGE_STANDARD = "gnu++0x";
				CLANG_CXX_LIBRARY = "libc++";
				CLANG_ENABLE_MODULES = YES;
				CLANG_ENABLE_OBJC_ARC = YES;
				CLANG_WARN_BLOCK_CAPTURE_AUTORELEASING = YES;
				CLANG_WARN_BOOL_CONVERSION = YES;
				CLANG_WARN_COMMA = YES;
				CLANG_WARN_CONSTANT_CONVERSION = YES;
				CLANG_WARN_DIRECT_OBJC_ISA_USAGE = YES_ERROR;
				CLANG_WARN_DOCUMENTATION_COMMENTS = YES;
				CLANG_WARN_EMPTY_BODY = YES;
				CLANG_WARN_ENUM_CONVERSION = YES;
				CLANG_WARN_INFINITE_RECURSION = YES;
				CLANG_WARN_INT_CONVERSION = YES;
				CLANG_WARN_NON_LITERAL_NULL_CONVERSION = YES;
				CLANG_WARN_OBJC_LITERAL_CONVERSION = YES;
				CLANG_WARN_OBJC_ROOT_CLASS = YES_ERROR;
				CLANG_WARN_RANGE_LOOP_ANALYSIS = YES;
				CLANG_WARN_STRICT_PROTOTYPES = YES;
				CLANG_WARN_SUSPICIOUS_MOVE = YES;
				CLANG_WARN_UNREACHABLE_CODE = YES;
				CLANG_WARN__DUPLICATE_METHOD_MATCH = YES;
				"CODE_SIGN_IDENTITY[sdk=iphoneos*]" = "iPhone Developer";
				COPY_PHASE_STRIP = NO;
				DEBUG_INFORMATION_FORMAT = "dwarf-with-dsym";
				ENABLE_NS_ASSERTIONS = NO;
				ENABLE_STRICT_OBJC_MSGSEND = YES;
				GCC_C_LANGUAGE_STANDARD = gnu99;
				GCC_NO_COMMON_BLOCKS = YES;
				GCC_WARN_64_TO_32_BIT_CONVERSION = YES;
				GCC_WARN_ABOUT_RETURN_TYPE = YES_ERROR;
				GCC_WARN_UNDECLARED_SELECTOR = YES;
				GCC_WARN_UNINITIALIZED_AUTOS = YES_AGGRESSIVE;
				GCC_WARN_UNUSED_FUNCTION = YES;
				GCC_WARN_UNUSED_VARIABLE = YES;
				IPHONEOS_DEPLOYMENT_TARGET = 10.3;
				MTL_ENABLE_DEBUG_INFO = NO;
				SDKROOT = iphoneos;
				SWIFT_OPTIMIZATION_LEVEL = "-Owholemodule";
				TARGETED_DEVICE_FAMILY = "1,2";
				VALIDATE_PRODUCT = YES;
			};
			name = Release;
		};
		55A8EB031F67C1890036B87F /* Debug */ = {
			isa = XCBuildConfiguration;
			baseConfigurationReference = C09487137EF7DE8041D43B13 /* Pods-cabBudget.debug.xcconfig */;
			buildSettings = {
				ASSETCATALOG_COMPILER_APPICON_NAME = AppIcon;
				CODE_SIGN_ENTITLEMENTS = cabBudget/cabBudget.entitlements;
				DEVELOPMENT_TEAM = UEMEQ8LN56;
				INFOPLIST_FILE = cabBudget/Info.plist;
				LD_RUNPATH_SEARCH_PATHS = "$(inherited) @executable_path/Frameworks";
				PRODUCT_BUNDLE_IDENTIFIER = org.internal.cabBudget;
				PRODUCT_NAME = "$(TARGET_NAME)";
				SWIFT_SWIFT3_OBJC_INFERENCE = On;
				SWIFT_VERSION = 4.0;
			};
			name = Debug;
		};
		55A8EB041F67C1890036B87F /* Release */ = {
			isa = XCBuildConfiguration;
			baseConfigurationReference = F959468D0174EC0643EE7649 /* Pods-cabBudget.release.xcconfig */;
			buildSettings = {
				ASSETCATALOG_COMPILER_APPICON_NAME = AppIcon;
				CODE_SIGN_ENTITLEMENTS = cabBudget/cabBudget.entitlements;
				DEVELOPMENT_TEAM = UEMEQ8LN56;
				INFOPLIST_FILE = cabBudget/Info.plist;
				LD_RUNPATH_SEARCH_PATHS = "$(inherited) @executable_path/Frameworks";
				PRODUCT_BUNDLE_IDENTIFIER = org.internal.cabBudget;
				PRODUCT_NAME = "$(TARGET_NAME)";
				SWIFT_SWIFT3_OBJC_INFERENCE = On;
				SWIFT_VERSION = 4.0;
			};
			name = Release;
		};
		55A8EB061F67C1890036B87F /* Debug */ = {
			isa = XCBuildConfiguration;
			buildSettings = {
				ALWAYS_EMBED_SWIFT_STANDARD_LIBRARIES = YES;
				BUNDLE_LOADER = "$(TEST_HOST)";
				DEVELOPMENT_TEAM = UEMEQ8LN56;
				INFOPLIST_FILE = cabBudgetTests/Info.plist;
				LD_RUNPATH_SEARCH_PATHS = "$(inherited) @executable_path/Frameworks @loader_path/Frameworks";
				PRODUCT_BUNDLE_IDENTIFIER = org.internal.cabBudgetTests;
				PRODUCT_NAME = "$(TARGET_NAME)";
				SWIFT_SWIFT3_OBJC_INFERENCE = On;
				SWIFT_VERSION = 4.0;
				TEST_HOST = "$(BUILT_PRODUCTS_DIR)/cabBudget.app/cabBudget";
			};
			name = Debug;
		};
		55A8EB071F67C1890036B87F /* Release */ = {
			isa = XCBuildConfiguration;
			buildSettings = {
				ALWAYS_EMBED_SWIFT_STANDARD_LIBRARIES = YES;
				BUNDLE_LOADER = "$(TEST_HOST)";
				DEVELOPMENT_TEAM = UEMEQ8LN56;
				INFOPLIST_FILE = cabBudgetTests/Info.plist;
				LD_RUNPATH_SEARCH_PATHS = "$(inherited) @executable_path/Frameworks @loader_path/Frameworks";
				PRODUCT_BUNDLE_IDENTIFIER = org.internal.cabBudgetTests;
				PRODUCT_NAME = "$(TARGET_NAME)";
				SWIFT_SWIFT3_OBJC_INFERENCE = On;
				SWIFT_VERSION = 4.0;
				TEST_HOST = "$(BUILT_PRODUCTS_DIR)/cabBudget.app/cabBudget";
			};
			name = Release;
		};
		55A8EB091F67C1890036B87F /* Debug */ = {
			isa = XCBuildConfiguration;
			buildSettings = {
				ALWAYS_EMBED_SWIFT_STANDARD_LIBRARIES = YES;
				DEVELOPMENT_TEAM = UEMEQ8LN56;
				INFOPLIST_FILE = cabBudgetUITests/Info.plist;
				LD_RUNPATH_SEARCH_PATHS = "$(inherited) @executable_path/Frameworks @loader_path/Frameworks";
				PRODUCT_BUNDLE_IDENTIFIER = org.internal.cabBudgetUITests;
				PRODUCT_NAME = "$(TARGET_NAME)";
				SWIFT_SWIFT3_OBJC_INFERENCE = On;
				SWIFT_VERSION = 4.0;
				TEST_TARGET_NAME = cabBudget;
			};
			name = Debug;
		};
		55A8EB0A1F67C1890036B87F /* Release */ = {
			isa = XCBuildConfiguration;
			buildSettings = {
				ALWAYS_EMBED_SWIFT_STANDARD_LIBRARIES = YES;
				DEVELOPMENT_TEAM = UEMEQ8LN56;
				INFOPLIST_FILE = cabBudgetUITests/Info.plist;
				LD_RUNPATH_SEARCH_PATHS = "$(inherited) @executable_path/Frameworks @loader_path/Frameworks";
				PRODUCT_BUNDLE_IDENTIFIER = org.internal.cabBudgetUITests;
				PRODUCT_NAME = "$(TARGET_NAME)";
				SWIFT_SWIFT3_OBJC_INFERENCE = On;
				SWIFT_VERSION = 4.0;
				TEST_TARGET_NAME = cabBudget;
			};
			name = Release;
		};
/* End XCBuildConfiguration section */

/* Begin XCConfigurationList section */
		55A8EAD51F67C1890036B87F /* Build configuration list for PBXProject "cabBudget" */ = {
			isa = XCConfigurationList;
			buildConfigurations = (
				55A8EB001F67C1890036B87F /* Debug */,
				55A8EB011F67C1890036B87F /* Release */,
			);
			defaultConfigurationIsVisible = 0;
			defaultConfigurationName = Release;
		};
		55A8EB021F67C1890036B87F /* Build configuration list for PBXNativeTarget "cabBudget" */ = {
			isa = XCConfigurationList;
			buildConfigurations = (
				55A8EB031F67C1890036B87F /* Debug */,
				55A8EB041F67C1890036B87F /* Release */,
			);
			defaultConfigurationIsVisible = 0;
			defaultConfigurationName = Release;
		};
		55A8EB051F67C1890036B87F /* Build configuration list for PBXNativeTarget "cabBudgetTests" */ = {
			isa = XCConfigurationList;
			buildConfigurations = (
				55A8EB061F67C1890036B87F /* Debug */,
				55A8EB071F67C1890036B87F /* Release */,
			);
			defaultConfigurationIsVisible = 0;
			defaultConfigurationName = Release;
		};
		55A8EB081F67C1890036B87F /* Build configuration list for PBXNativeTarget "cabBudgetUITests" */ = {
			isa = XCConfigurationList;
			buildConfigurations = (
				55A8EB091F67C1890036B87F /* Debug */,
				55A8EB0A1F67C1890036B87F /* Release */,
			);
			defaultConfigurationIsVisible = 0;
			defaultConfigurationName = Release;
		};
/* End XCConfigurationList section */

/* Begin XCVersionGroup section */
		554C7C8B1F691434001D4BE1 /* Model.xcdatamodeld */ = {
			isa = XCVersionGroup;
			children = (
				554C7C8C1F691434001D4BE1 /* Model.xcdatamodel */,
			);
			currentVersion = 554C7C8C1F691434001D4BE1 /* Model.xcdatamodel */;
			path = Model.xcdatamodeld;
			sourceTree = "<group>";
			versionGroupType = wrapper.xcdatamodel;
		};
/* End XCVersionGroup section */
	};
	rootObject = 55A8EAD21F67C1890036B87F /* Project object */;
}
